// !$*UTF8*$!
{
	archiveVersion = 1;
	classes = {
	};
	objectVersion = 51;
	objects = {

/* Begin PBXBuildFile section */
		020FA4EDC0549BBB186E8204 /* Pods_detach2.framework in Frameworks */ = {isa = PBXBuildFile; fileRef = 8DB743EEFFCABBE96E4AD0E0 /* Pods_detach2.framework */; };
		385EF55A9031AAD39396073B /* Pods_detach2Tests.framework in Frameworks */ = {isa = PBXBuildFile; fileRef = D66539DE9305E5431CF91200 /* Pods_detach2Tests.framework */; };
		7ADE404E5E365F22E8C45292 /* Pods_DetachExtension.framework in Frameworks */ = {isa = PBXBuildFile; fileRef = 2624817171B25DA987549187 /* Pods_DetachExtension.framework */; };
		8F5EB6B0A41BE7199D6ED712 /* Pods_detach2_detach2UITests.framework in Frameworks */ = {isa = PBXBuildFile; fileRef = 484C0A3803DD88F41299774B /* Pods_detach2_detach2UITests.framework */; };
		A32A96D424E32DAD002C1145 /* AppDelegate.swift in Sources */ = {isa = PBXBuildFile; fileRef = A32A96D324E32DAD002C1145 /* AppDelegate.swift */; };
		A32A96D624E32DAD002C1145 /* SceneDelegate.swift in Sources */ = {isa = PBXBuildFile; fileRef = A32A96D524E32DAD002C1145 /* SceneDelegate.swift */; };
		A32A96D824E32DAD002C1145 /* ContentView.swift in Sources */ = {isa = PBXBuildFile; fileRef = A32A96D724E32DAD002C1145 /* ContentView.swift */; };
		A32A96DA24E32DAF002C1145 /* Assets.xcassets in Resources */ = {isa = PBXBuildFile; fileRef = A32A96D924E32DAF002C1145 /* Assets.xcassets */; };
		A32A96DD24E32DAF002C1145 /* Preview Assets.xcassets in Resources */ = {isa = PBXBuildFile; fileRef = A32A96DC24E32DAF002C1145 /* Preview Assets.xcassets */; };
		A32A96E024E32DAF002C1145 /* LaunchScreen.storyboard in Resources */ = {isa = PBXBuildFile; fileRef = A32A96DE24E32DAF002C1145 /* LaunchScreen.storyboard */; };
		A32A96EB24E32DAF002C1145 /* detach2Tests.swift in Sources */ = {isa = PBXBuildFile; fileRef = A32A96EA24E32DAF002C1145 /* detach2Tests.swift */; };
		A32A96F624E32DAF002C1145 /* detach2UITests.swift in Sources */ = {isa = PBXBuildFile; fileRef = A32A96F524E32DAF002C1145 /* detach2UITests.swift */; };
		A32A970724E3330B002C1145 /* georgia italic.ttf in Resources */ = {isa = PBXBuildFile; fileRef = A32A970624E3330B002C1145 /* georgia italic.ttf */; };
		A32A970B24E3405B002C1145 /* HomeMenu.swift in Sources */ = {isa = PBXBuildFile; fileRef = A32A970A24E3405B002C1145 /* HomeMenu.swift */; };
		A32D8E342594297E00F37EA9 /* YellowStatus.swift in Sources */ = {isa = PBXBuildFile; fileRef = A32D8E332594297E00F37EA9 /* YellowStatus.swift */; };
		A32D8E3C259433D800F37EA9 /* StatusIndicator.swift in Sources */ = {isa = PBXBuildFile; fileRef = A32D8E3B259433D800F37EA9 /* StatusIndicator.swift */; };
		A34B1F3B257C37FD004753BE /* SetDurationOverlay.swift in Sources */ = {isa = PBXBuildFile; fileRef = A34B1F3A257C37FD004753BE /* SetDurationOverlay.swift */; };
		A34D2E2A258ACBE00046372C /* SessionScreen.swift in Sources */ = {isa = PBXBuildFile; fileRef = A34D2E29258ACBE00046372C /* SessionScreen.swift */; };
		A350D57725785F3700DA3739 /* Colors.xcassets in Resources */ = {isa = PBXBuildFile; fileRef = A350D57625785F3700DA3739 /* Colors.xcassets */; };
		A350D5912578781700DA3739 /* Fonts.swift in Sources */ = {isa = PBXBuildFile; fileRef = A350D5902578781700DA3739 /* Fonts.swift */; };
		A37D8BC024E88FBC00E8EAFE /* User.swift in Sources */ = {isa = PBXBuildFile; fileRef = A37D8BBF24E88FBC00E8EAFE /* User.swift */; };
		A37D8BC224E88FDD00E8EAFE /* AppDomains.swift in Sources */ = {isa = PBXBuildFile; fileRef = A37D8BC124E88FDD00E8EAFE /* AppDomains.swift */; };
		A37D8BC724E89C7400E8EAFE /* SelectAppsScreen.swift in Sources */ = {isa = PBXBuildFile; fileRef = A37D8BC624E89C7400E8EAFE /* SelectAppsScreen.swift */; };
		A38C12C1255D0ABA00E024D5 /* NEKit.framework in Frameworks */ = {isa = PBXBuildFile; fileRef = A392C7F624E44F9300D5DAF4 /* NEKit.framework */; };
		A38C12C2255D0ABA00E024D5 /* NEKit.framework in Embed Frameworks */ = {isa = PBXBuildFile; fileRef = A392C7F624E44F9300D5DAF4 /* NEKit.framework */; settings = {ATTRIBUTES = (CodeSignOnCopy, RemoveHeadersOnCopy, ); }; };
		A38CDC1A24E9C15800B226B6 /* LoginScreen.swift in Sources */ = {isa = PBXBuildFile; fileRef = A38CDC1924E9C15800B226B6 /* LoginScreen.swift */; };
		A392C7BB24E4480F00D5DAF4 /* TunnelController.swift in Sources */ = {isa = PBXBuildFile; fileRef = A392C7BA24E4480F00D5DAF4 /* TunnelController.swift */; };
		A392C7BD24E4482400D5DAF4 /* Util.swift in Sources */ = {isa = PBXBuildFile; fileRef = A392C7BC24E4482400D5DAF4 /* Util.swift */; };
		A392C7BF24E448C300D5DAF4 /* Logs.swift in Sources */ = {isa = PBXBuildFile; fileRef = A392C7BE24E448C300D5DAF4 /* Logs.swift */; };
		A392C7E524E449A500D5DAF4 /* PacketTunnelProvider.swift in Sources */ = {isa = PBXBuildFile; fileRef = A392C7E424E449A500D5DAF4 /* PacketTunnelProvider.swift */; };
		A392C7EA24E449A500D5DAF4 /* DetachExtension.appex in Embed App Extensions */ = {isa = PBXBuildFile; fileRef = A392C7E224E449A500D5DAF4 /* DetachExtension.appex */; settings = {ATTRIBUTES = (RemoveHeadersOnCopy, ); }; };
		A392C7EF24E44A7500D5DAF4 /* Logs.swift in Sources */ = {isa = PBXBuildFile; fileRef = A392C7EE24E44A7500D5DAF4 /* Logs.swift */; };
		A392C7F124E44A8700D5DAF4 /* DetachProxy.swift in Sources */ = {isa = PBXBuildFile; fileRef = A392C7F024E44A8700D5DAF4 /* DetachProxy.swift */; };
		A392C7F324E44A9400D5DAF4 /* Utils.swift in Sources */ = {isa = PBXBuildFile; fileRef = A392C7F224E44A9400D5DAF4 /* Utils.swift */; };
		A392C7F524E44AA100D5DAF4 /* DomainEval.swift in Sources */ = {isa = PBXBuildFile; fileRef = A392C7F424E44AA100D5DAF4 /* DomainEval.swift */; };
		A392C7FC24E4507C00D5DAF4 /* NetworkExtension.framework in Frameworks */ = {isa = PBXBuildFile; fileRef = A392C7FB24E4507C00D5DAF4 /* NetworkExtension.framework */; };
		A392C7FE24E4509800D5DAF4 /* NetworkExtension.framework in Frameworks */ = {isa = PBXBuildFile; fileRef = A392C7FB24E4507C00D5DAF4 /* NetworkExtension.framework */; };
		A3975402259E886000DA0DC3 /* PushNotifs.swift in Sources */ = {isa = PBXBuildFile; fileRef = A3975401259E886000DA0DC3 /* PushNotifs.swift */; };
		A39A952624E4B79900377CD5 /* Colors.swift in Sources */ = {isa = PBXBuildFile; fileRef = A39A952524E4B79900377CD5 /* Colors.swift */; };
		A39A952C24E4C17D00377CD5 /* CustomUIKitTextField.swift in Sources */ = {isa = PBXBuildFile; fileRef = A39A952B24E4C17D00377CD5 /* CustomUIKitTextField.swift */; };
		A3B7A1942597F85200DB9967 /* Spacing.swift in Sources */ = {isa = PBXBuildFile; fileRef = A3B7A1932597F85200DB9967 /* Spacing.swift */; };
		A3B7A1C825981E7D00DB9967 /* NewYorkLarge-BoldItalic.otf in Resources */ = {isa = PBXBuildFile; fileRef = A3B7A1C725981E7D00DB9967 /* NewYorkLarge-BoldItalic.otf */; };
		A3B7A1D92598244800DB9967 /* UtilFuncs.swift in Sources */ = {isa = PBXBuildFile; fileRef = A3B7A1D82598244800DB9967 /* UtilFuncs.swift */; };
		A3B7E5FF24E34B4900E06E47 /* NewYorkLarge-SemiboldItalic.otf in Resources */ = {isa = PBXBuildFile; fileRef = A3B7E5FE24E34B4900E06E47 /* NewYorkLarge-SemiboldItalic.otf */; };
		A3D639D324EF672E00612AF9 /* SignInWithAppleButton.swift in Sources */ = {isa = PBXBuildFile; fileRef = A3D639D224EF672E00612AF9 /* SignInWithAppleButton.swift */; };
		A3F5E60D24E5EBFF00DCF879 /* Storage.swift in Sources */ = {isa = PBXBuildFile; fileRef = A3F5E60C24E5EBFF00DCF879 /* Storage.swift */; };
		A3F5E61024E5F8CD00DCF879 /* SessionManager.swift in Sources */ = {isa = PBXBuildFile; fileRef = A3F5E60F24E5F8CD00DCF879 /* SessionManager.swift */; };
		A3F5E61224E600D700DCF879 /* API.swift in Sources */ = {isa = PBXBuildFile; fileRef = A3F5E61124E600D700DCF879 /* API.swift */; };
/* End PBXBuildFile section */

/* Begin PBXContainerItemProxy section */
		A32A96E724E32DAF002C1145 /* PBXContainerItemProxy */ = {
			isa = PBXContainerItemProxy;
			containerPortal = A32A96C824E32DAD002C1145 /* Project object */;
			proxyType = 1;
			remoteGlobalIDString = A32A96CF24E32DAD002C1145;
			remoteInfo = detach2;
		};
		A32A96F224E32DAF002C1145 /* PBXContainerItemProxy */ = {
			isa = PBXContainerItemProxy;
			containerPortal = A32A96C824E32DAD002C1145 /* Project object */;
			proxyType = 1;
			remoteGlobalIDString = A32A96CF24E32DAD002C1145;
			remoteInfo = detach2;
		};
		A392C7E824E449A500D5DAF4 /* PBXContainerItemProxy */ = {
			isa = PBXContainerItemProxy;
			containerPortal = A32A96C824E32DAD002C1145 /* Project object */;
			proxyType = 1;
			remoteGlobalIDString = A392C7E124E449A500D5DAF4;
			remoteInfo = DetachExtension;
		};
/* End PBXContainerItemProxy section */

/* Begin PBXCopyFilesBuildPhase section */
		A38C12C3255D0ABA00E024D5 /* Embed Frameworks */ = {
			isa = PBXCopyFilesBuildPhase;
			buildActionMask = 2147483647;
			dstPath = "";
			dstSubfolderSpec = 10;
			files = (
				A38C12C2255D0ABA00E024D5 /* NEKit.framework in Embed Frameworks */,
			);
			name = "Embed Frameworks";
			runOnlyForDeploymentPostprocessing = 0;
		};
		A392C7D024E448E200D5DAF4 /* Embed App Extensions */ = {
			isa = PBXCopyFilesBuildPhase;
			buildActionMask = 2147483647;
			dstPath = "";
			dstSubfolderSpec = 13;
			files = (
				A392C7EA24E449A500D5DAF4 /* DetachExtension.appex in Embed App Extensions */,
			);
			name = "Embed App Extensions";
			runOnlyForDeploymentPostprocessing = 0;
		};
/* End PBXCopyFilesBuildPhase section */

/* Begin PBXFileReference section */
		0041618DB16E40F189D1A8CB /* Pods-detach2-detach2UITests.release.xcconfig */ = {isa = PBXFileReference; includeInIndex = 1; lastKnownFileType = text.xcconfig; name = "Pods-detach2-detach2UITests.release.xcconfig"; path = "Target Support Files/Pods-detach2-detach2UITests/Pods-detach2-detach2UITests.release.xcconfig"; sourceTree = "<group>"; };
		0B999FE00537C17E3677E4E6 /* Pods-detach2.debug.xcconfig */ = {isa = PBXFileReference; includeInIndex = 1; lastKnownFileType = text.xcconfig; name = "Pods-detach2.debug.xcconfig"; path = "Target Support Files/Pods-detach2/Pods-detach2.debug.xcconfig"; sourceTree = "<group>"; };
		2624817171B25DA987549187 /* Pods_DetachExtension.framework */ = {isa = PBXFileReference; explicitFileType = wrapper.framework; includeInIndex = 0; path = Pods_DetachExtension.framework; sourceTree = BUILT_PRODUCTS_DIR; };
		3E7140F2BE9229E96DE8B17D /* Pods-DetachExtension.release.xcconfig */ = {isa = PBXFileReference; includeInIndex = 1; lastKnownFileType = text.xcconfig; name = "Pods-DetachExtension.release.xcconfig"; path = "Target Support Files/Pods-DetachExtension/Pods-DetachExtension.release.xcconfig"; sourceTree = "<group>"; };
		484C0A3803DD88F41299774B /* Pods_detach2_detach2UITests.framework */ = {isa = PBXFileReference; explicitFileType = wrapper.framework; includeInIndex = 0; path = Pods_detach2_detach2UITests.framework; sourceTree = BUILT_PRODUCTS_DIR; };
		5731247F61AAC892DD348C1A /* Pods-detach2.release.xcconfig */ = {isa = PBXFileReference; includeInIndex = 1; lastKnownFileType = text.xcconfig; name = "Pods-detach2.release.xcconfig"; path = "Target Support Files/Pods-detach2/Pods-detach2.release.xcconfig"; sourceTree = "<group>"; };
		71F1C9B2F68C79E66D9B42C5 /* Pods-detach2Tests.release.xcconfig */ = {isa = PBXFileReference; includeInIndex = 1; lastKnownFileType = text.xcconfig; name = "Pods-detach2Tests.release.xcconfig"; path = "Target Support Files/Pods-detach2Tests/Pods-detach2Tests.release.xcconfig"; sourceTree = "<group>"; };
		8DB743EEFFCABBE96E4AD0E0 /* Pods_detach2.framework */ = {isa = PBXFileReference; explicitFileType = wrapper.framework; includeInIndex = 0; path = Pods_detach2.framework; sourceTree = BUILT_PRODUCTS_DIR; };
		A18190B1F7B800BD57508EE2 /* Pods-detach2-detach2UITests.debug.xcconfig */ = {isa = PBXFileReference; includeInIndex = 1; lastKnownFileType = text.xcconfig; name = "Pods-detach2-detach2UITests.debug.xcconfig"; path = "Target Support Files/Pods-detach2-detach2UITests/Pods-detach2-detach2UITests.debug.xcconfig"; sourceTree = "<group>"; };
		A32A96D024E32DAD002C1145 /* detach2.app */ = {isa = PBXFileReference; explicitFileType = wrapper.application; includeInIndex = 0; path = detach2.app; sourceTree = BUILT_PRODUCTS_DIR; };
		A32A96D324E32DAD002C1145 /* AppDelegate.swift */ = {isa = PBXFileReference; lastKnownFileType = sourcecode.swift; path = AppDelegate.swift; sourceTree = "<group>"; };
		A32A96D524E32DAD002C1145 /* SceneDelegate.swift */ = {isa = PBXFileReference; lastKnownFileType = sourcecode.swift; path = SceneDelegate.swift; sourceTree = "<group>"; };
		A32A96D724E32DAD002C1145 /* ContentView.swift */ = {isa = PBXFileReference; lastKnownFileType = sourcecode.swift; path = ContentView.swift; sourceTree = "<group>"; };
		A32A96D924E32DAF002C1145 /* Assets.xcassets */ = {isa = PBXFileReference; lastKnownFileType = folder.assetcatalog; path = Assets.xcassets; sourceTree = "<group>"; };
		A32A96DC24E32DAF002C1145 /* Preview Assets.xcassets */ = {isa = PBXFileReference; lastKnownFileType = folder.assetcatalog; path = "Preview Assets.xcassets"; sourceTree = "<group>"; };
		A32A96DF24E32DAF002C1145 /* Base */ = {isa = PBXFileReference; lastKnownFileType = file.storyboard; name = Base; path = Base.lproj/LaunchScreen.storyboard; sourceTree = "<group>"; };
		A32A96E124E32DAF002C1145 /* Info.plist */ = {isa = PBXFileReference; lastKnownFileType = text.plist.xml; path = Info.plist; sourceTree = "<group>"; };
		A32A96E624E32DAF002C1145 /* detach2Tests.xctest */ = {isa = PBXFileReference; explicitFileType = wrapper.cfbundle; includeInIndex = 0; path = detach2Tests.xctest; sourceTree = BUILT_PRODUCTS_DIR; };
		A32A96EA24E32DAF002C1145 /* detach2Tests.swift */ = {isa = PBXFileReference; lastKnownFileType = sourcecode.swift; path = detach2Tests.swift; sourceTree = "<group>"; };
		A32A96EC24E32DAF002C1145 /* Info.plist */ = {isa = PBXFileReference; lastKnownFileType = text.plist.xml; path = Info.plist; sourceTree = "<group>"; };
		A32A96F124E32DAF002C1145 /* detach2UITests.xctest */ = {isa = PBXFileReference; explicitFileType = wrapper.cfbundle; includeInIndex = 0; path = detach2UITests.xctest; sourceTree = BUILT_PRODUCTS_DIR; };
		A32A96F524E32DAF002C1145 /* detach2UITests.swift */ = {isa = PBXFileReference; lastKnownFileType = sourcecode.swift; path = detach2UITests.swift; sourceTree = "<group>"; };
		A32A96F724E32DAF002C1145 /* Info.plist */ = {isa = PBXFileReference; lastKnownFileType = text.plist.xml; path = Info.plist; sourceTree = "<group>"; };
		A32A970624E3330B002C1145 /* georgia italic.ttf */ = {isa = PBXFileReference; lastKnownFileType = file; path = "georgia italic.ttf"; sourceTree = "<group>"; };
		A32A970A24E3405B002C1145 /* HomeMenu.swift */ = {isa = PBXFileReference; lastKnownFileType = sourcecode.swift; path = HomeMenu.swift; sourceTree = "<group>"; };
		A32D8E332594297E00F37EA9 /* YellowStatus.swift */ = {isa = PBXFileReference; lastKnownFileType = sourcecode.swift; path = YellowStatus.swift; sourceTree = "<group>"; };
		A32D8E3B259433D800F37EA9 /* StatusIndicator.swift */ = {isa = PBXFileReference; lastKnownFileType = sourcecode.swift; path = StatusIndicator.swift; sourceTree = "<group>"; };
		A34B1F3A257C37FD004753BE /* SetDurationOverlay.swift */ = {isa = PBXFileReference; lastKnownFileType = sourcecode.swift; path = SetDurationOverlay.swift; sourceTree = "<group>"; };
		A34D2E29258ACBE00046372C /* SessionScreen.swift */ = {isa = PBXFileReference; lastKnownFileType = sourcecode.swift; path = SessionScreen.swift; sourceTree = "<group>"; };
		A350D57625785F3700DA3739 /* Colors.xcassets */ = {isa = PBXFileReference; lastKnownFileType = folder.assetcatalog; path = Colors.xcassets; sourceTree = "<group>"; };
		A350D5902578781700DA3739 /* Fonts.swift */ = {isa = PBXFileReference; lastKnownFileType = sourcecode.swift; path = Fonts.swift; sourceTree = "<group>"; };
		A37D8BBF24E88FBC00E8EAFE /* User.swift */ = {isa = PBXFileReference; lastKnownFileType = sourcecode.swift; path = User.swift; sourceTree = "<group>"; };
		A37D8BC124E88FDD00E8EAFE /* AppDomains.swift */ = {isa = PBXFileReference; lastKnownFileType = sourcecode.swift; path = AppDomains.swift; sourceTree = "<group>"; };
		A37D8BC624E89C7400E8EAFE /* SelectAppsScreen.swift */ = {isa = PBXFileReference; lastKnownFileType = sourcecode.swift; path = SelectAppsScreen.swift; sourceTree = "<group>"; };
		A38C12AE255D0A8700E024D5 /* NEKit.framework */ = {isa = PBXFileReference; lastKnownFileType = wrapper.framework; name = NEKit.framework; path = ../../Downloads/Carthage/Build/iOS/NEKit.framework; sourceTree = "<group>"; };
		A38CDC1924E9C15800B226B6 /* LoginScreen.swift */ = {isa = PBXFileReference; lastKnownFileType = sourcecode.swift; path = LoginScreen.swift; sourceTree = "<group>"; };
		A392C7BA24E4480F00D5DAF4 /* TunnelController.swift */ = {isa = PBXFileReference; lastKnownFileType = sourcecode.swift; path = TunnelController.swift; sourceTree = "<group>"; };
		A392C7BC24E4482400D5DAF4 /* Util.swift */ = {isa = PBXFileReference; lastKnownFileType = sourcecode.swift; path = Util.swift; sourceTree = "<group>"; };
		A392C7BE24E448C300D5DAF4 /* Logs.swift */ = {isa = PBXFileReference; lastKnownFileType = sourcecode.swift; path = Logs.swift; sourceTree = "<group>"; };
		A392C7E224E449A500D5DAF4 /* DetachExtension.appex */ = {isa = PBXFileReference; explicitFileType = "wrapper.app-extension"; includeInIndex = 0; path = DetachExtension.appex; sourceTree = BUILT_PRODUCTS_DIR; };
		A392C7E424E449A500D5DAF4 /* PacketTunnelProvider.swift */ = {isa = PBXFileReference; lastKnownFileType = sourcecode.swift; path = PacketTunnelProvider.swift; sourceTree = "<group>"; };
		A392C7E624E449A500D5DAF4 /* Info.plist */ = {isa = PBXFileReference; lastKnownFileType = text.plist.xml; path = Info.plist; sourceTree = "<group>"; };
		A392C7E724E449A500D5DAF4 /* DetachExtension.entitlements */ = {isa = PBXFileReference; lastKnownFileType = text.plist.entitlements; path = DetachExtension.entitlements; sourceTree = "<group>"; };
		A392C7EE24E44A7500D5DAF4 /* Logs.swift */ = {isa = PBXFileReference; lastKnownFileType = sourcecode.swift; path = Logs.swift; sourceTree = "<group>"; };
		A392C7F024E44A8700D5DAF4 /* DetachProxy.swift */ = {isa = PBXFileReference; lastKnownFileType = sourcecode.swift; path = DetachProxy.swift; sourceTree = "<group>"; };
		A392C7F224E44A9400D5DAF4 /* Utils.swift */ = {isa = PBXFileReference; lastKnownFileType = sourcecode.swift; path = Utils.swift; sourceTree = "<group>"; };
		A392C7F424E44AA100D5DAF4 /* DomainEval.swift */ = {isa = PBXFileReference; lastKnownFileType = sourcecode.swift; path = DomainEval.swift; sourceTree = "<group>"; };
		A392C7F624E44F9300D5DAF4 /* NEKit.framework */ = {isa = PBXFileReference; lastKnownFileType = wrapper.framework; name = NEKit.framework; path = Carthage/Build/iOS/NEKit.framework; sourceTree = "<group>"; };
		A392C7FB24E4507C00D5DAF4 /* NetworkExtension.framework */ = {isa = PBXFileReference; lastKnownFileType = wrapper.framework; name = NetworkExtension.framework; path = System/Library/Frameworks/NetworkExtension.framework; sourceTree = SDKROOT; };
		A392C7FD24E4509800D5DAF4 /* detach2.entitlements */ = {isa = PBXFileReference; lastKnownFileType = text.plist.entitlements; path = detach2.entitlements; sourceTree = "<group>"; };
		A3975401259E886000DA0DC3 /* PushNotifs.swift */ = {isa = PBXFileReference; lastKnownFileType = sourcecode.swift; path = PushNotifs.swift; sourceTree = "<group>"; };
		A39A952524E4B79900377CD5 /* Colors.swift */ = {isa = PBXFileReference; lastKnownFileType = sourcecode.swift; path = Colors.swift; sourceTree = "<group>"; };
		A39A952B24E4C17D00377CD5 /* CustomUIKitTextField.swift */ = {isa = PBXFileReference; lastKnownFileType = sourcecode.swift; path = CustomUIKitTextField.swift; sourceTree = "<group>"; };
		A3B7A1932597F85200DB9967 /* Spacing.swift */ = {isa = PBXFileReference; lastKnownFileType = sourcecode.swift; path = Spacing.swift; sourceTree = "<group>"; };
		A3B7A1C725981E7D00DB9967 /* NewYorkLarge-BoldItalic.otf */ = {isa = PBXFileReference; lastKnownFileType = file; name = "NewYorkLarge-BoldItalic.otf"; path = "res/NewYorkLarge-BoldItalic.otf"; sourceTree = SOURCE_ROOT; };
		A3B7A1D82598244800DB9967 /* UtilFuncs.swift */ = {isa = PBXFileReference; lastKnownFileType = sourcecode.swift; path = UtilFuncs.swift; sourceTree = "<group>"; };
		A3B7E5FE24E34B4900E06E47 /* NewYorkLarge-SemiboldItalic.otf */ = {isa = PBXFileReference; lastKnownFileType = file; path = "NewYorkLarge-SemiboldItalic.otf"; sourceTree = "<group>"; };
		A3D639D224EF672E00612AF9 /* SignInWithAppleButton.swift */ = {isa = PBXFileReference; lastKnownFileType = sourcecode.swift; path = SignInWithAppleButton.swift; sourceTree = "<group>"; };
		A3F5E60C24E5EBFF00DCF879 /* Storage.swift */ = {isa = PBXFileReference; lastKnownFileType = sourcecode.swift; path = Storage.swift; sourceTree = "<group>"; };
		A3F5E60F24E5F8CD00DCF879 /* SessionManager.swift */ = {isa = PBXFileReference; lastKnownFileType = sourcecode.swift; path = SessionManager.swift; sourceTree = "<group>"; };
		A3F5E61124E600D700DCF879 /* API.swift */ = {isa = PBXFileReference; lastKnownFileType = sourcecode.swift; path = API.swift; sourceTree = "<group>"; };
		D66539DE9305E5431CF91200 /* Pods_detach2Tests.framework */ = {isa = PBXFileReference; explicitFileType = wrapper.framework; includeInIndex = 0; path = Pods_detach2Tests.framework; sourceTree = BUILT_PRODUCTS_DIR; };
		D914803149B508BDA9B1E52B /* Pods-detach2Tests.debug.xcconfig */ = {isa = PBXFileReference; includeInIndex = 1; lastKnownFileType = text.xcconfig; name = "Pods-detach2Tests.debug.xcconfig"; path = "Target Support Files/Pods-detach2Tests/Pods-detach2Tests.debug.xcconfig"; sourceTree = "<group>"; };
		EED9722C934859388CAB3A35 /* Pods-DetachExtension.debug.xcconfig */ = {isa = PBXFileReference; includeInIndex = 1; lastKnownFileType = text.xcconfig; name = "Pods-DetachExtension.debug.xcconfig"; path = "Target Support Files/Pods-DetachExtension/Pods-DetachExtension.debug.xcconfig"; sourceTree = "<group>"; };
/* End PBXFileReference section */

/* Begin PBXFrameworksBuildPhase section */
		A32A96CD24E32DAD002C1145 /* Frameworks */ = {
			isa = PBXFrameworksBuildPhase;
			buildActionMask = 2147483647;
			files = (
				A392C7FE24E4509800D5DAF4 /* NetworkExtension.framework in Frameworks */,
				020FA4EDC0549BBB186E8204 /* Pods_detach2.framework in Frameworks */,
			);
			runOnlyForDeploymentPostprocessing = 0;
		};
		A32A96E324E32DAF002C1145 /* Frameworks */ = {
			isa = PBXFrameworksBuildPhase;
			buildActionMask = 2147483647;
			files = (
				385EF55A9031AAD39396073B /* Pods_detach2Tests.framework in Frameworks */,
			);
			runOnlyForDeploymentPostprocessing = 0;
		};
		A32A96EE24E32DAF002C1145 /* Frameworks */ = {
			isa = PBXFrameworksBuildPhase;
			buildActionMask = 2147483647;
			files = (
				8F5EB6B0A41BE7199D6ED712 /* Pods_detach2_detach2UITests.framework in Frameworks */,
			);
			runOnlyForDeploymentPostprocessing = 0;
		};
		A392C7DF24E449A500D5DAF4 /* Frameworks */ = {
			isa = PBXFrameworksBuildPhase;
			buildActionMask = 2147483647;
			files = (
				A392C7FC24E4507C00D5DAF4 /* NetworkExtension.framework in Frameworks */,
				A38C12C1255D0ABA00E024D5 /* NEKit.framework in Frameworks */,
				7ADE404E5E365F22E8C45292 /* Pods_DetachExtension.framework in Frameworks */,
			);
			runOnlyForDeploymentPostprocessing = 0;
		};
/* End PBXFrameworksBuildPhase section */

/* Begin PBXGroup section */
		5070862D29D4F34C11649BDC /* Pods */ = {
			isa = PBXGroup;
			children = (
				EED9722C934859388CAB3A35 /* Pods-DetachExtension.debug.xcconfig */,
				3E7140F2BE9229E96DE8B17D /* Pods-DetachExtension.release.xcconfig */,
				0B999FE00537C17E3677E4E6 /* Pods-detach2.debug.xcconfig */,
				5731247F61AAC892DD348C1A /* Pods-detach2.release.xcconfig */,
				A18190B1F7B800BD57508EE2 /* Pods-detach2-detach2UITests.debug.xcconfig */,
				0041618DB16E40F189D1A8CB /* Pods-detach2-detach2UITests.release.xcconfig */,
				D914803149B508BDA9B1E52B /* Pods-detach2Tests.debug.xcconfig */,
				71F1C9B2F68C79E66D9B42C5 /* Pods-detach2Tests.release.xcconfig */,
			);
			path = Pods;
			sourceTree = "<group>";
		};
		A32A96C724E32DAD002C1145 = {
			isa = PBXGroup;
			children = (
				A32A96D224E32DAD002C1145 /* detach2 */,
				A32A96E924E32DAF002C1145 /* detach2Tests */,
				A32A96F424E32DAF002C1145 /* detach2UITests */,
				A392C7E324E449A500D5DAF4 /* DetachExtension */,
				A32A96D124E32DAD002C1145 /* Products */,
				5070862D29D4F34C11649BDC /* Pods */,
				C7832D03B69040BEA28028E3 /* Frameworks */,
			);
			sourceTree = "<group>";
		};
		A32A96D124E32DAD002C1145 /* Products */ = {
			isa = PBXGroup;
			children = (
				A32A96D024E32DAD002C1145 /* detach2.app */,
				A32A96E624E32DAF002C1145 /* detach2Tests.xctest */,
				A32A96F124E32DAF002C1145 /* detach2UITests.xctest */,
				A392C7E224E449A500D5DAF4 /* DetachExtension.appex */,
			);
			name = Products;
			sourceTree = "<group>";
		};
		A32A96D224E32DAD002C1145 /* detach2 */ = {
			isa = PBXGroup;
			children = (
				A32D8E322594296D00F37EA9 /* views */,
				A32A96DB24E32DAF002C1145 /* Preview Content */,
				A34D2E65258AEC1C0046372C /* misc */,
				A34D2E5D258AEB710046372C /* res */,
				A38CDC1B24E9C16600B226B6 /* auth */,
				A37D8BC324E89C5D00E8EAFE /* selectApps */,
				A37D8BBA24E881ED00E8EAFE /* session */,
				A3F5E60E24E5EC0500DCF879 /* util */,
				A392C7B924E4480000D5DAF4 /* vpn */,
				A392C78F24E42DC600D5DAF4 /* setDuration */,
				A32A96D324E32DAD002C1145 /* AppDelegate.swift */,
				A32A96D724E32DAD002C1145 /* ContentView.swift */,
				A32A96DE24E32DAF002C1145 /* LaunchScreen.storyboard */,
				A32A970A24E3405B002C1145 /* HomeMenu.swift */,
			);
			path = detach2;
			sourceTree = "<group>";
		};
		A32A96DB24E32DAF002C1145 /* Preview Content */ = {
			isa = PBXGroup;
			children = (
				A32A96DC24E32DAF002C1145 /* Preview Assets.xcassets */,
			);
			path = "Preview Content";
			sourceTree = "<group>";
		};
		A32A96E924E32DAF002C1145 /* detach2Tests */ = {
			isa = PBXGroup;
			children = (
				A32A96EA24E32DAF002C1145 /* detach2Tests.swift */,
				A32A96EC24E32DAF002C1145 /* Info.plist */,
			);
			path = detach2Tests;
			sourceTree = "<group>";
		};
		A32A96F424E32DAF002C1145 /* detach2UITests */ = {
			isa = PBXGroup;
			children = (
				A32A96F524E32DAF002C1145 /* detach2UITests.swift */,
				A32A96F724E32DAF002C1145 /* Info.plist */,
			);
			path = detach2UITests;
			sourceTree = "<group>";
		};
		A32D8E322594296D00F37EA9 /* views */ = {
			isa = PBXGroup;
			children = (
				A32D8E332594297E00F37EA9 /* YellowStatus.swift */,
				A32D8E3B259433D800F37EA9 /* StatusIndicator.swift */,
			);
			path = views;
			sourceTree = "<group>";
		};
		A34D2E5D258AEB710046372C /* res */ = {
			isa = PBXGroup;
			children = (
				A39A952524E4B79900377CD5 /* Colors.swift */,
				A32A96D924E32DAF002C1145 /* Assets.xcassets */,
				A350D57625785F3700DA3739 /* Colors.xcassets */,
				A34D2E5E258AEB760046372C /* fonts */,
			);
			path = res;
			sourceTree = "<group>";
		};
		A34D2E5E258AEB760046372C /* fonts */ = {
			isa = PBXGroup;
			children = (
				A3B7A1C725981E7D00DB9967 /* NewYorkLarge-BoldItalic.otf */,
				A32A970624E3330B002C1145 /* georgia italic.ttf */,
				A3B7E5FE24E34B4900E06E47 /* NewYorkLarge-SemiboldItalic.otf */,
			);
			path = fonts;
			sourceTree = "<group>";
		};
		A34D2E65258AEC1C0046372C /* misc */ = {
			isa = PBXGroup;
			children = (
				A32A96D524E32DAD002C1145 /* SceneDelegate.swift */,
				A32A96E124E32DAF002C1145 /* Info.plist */,
				A392C7FD24E4509800D5DAF4 /* detach2.entitlements */,
			);
			path = misc;
			sourceTree = "<group>";
		};
		A37D8BBA24E881ED00E8EAFE /* session */ = {
			isa = PBXGroup;
			children = (
				A34D2E29258ACBE00046372C /* SessionScreen.swift */,
			);
			path = session;
			sourceTree = "<group>";
		};
		A37D8BC324E89C5D00E8EAFE /* selectApps */ = {
			isa = PBXGroup;
			children = (
				A37D8BC624E89C7400E8EAFE /* SelectAppsScreen.swift */,
			);
			path = selectApps;
			sourceTree = "<group>";
		};
		A38CDC1B24E9C16600B226B6 /* auth */ = {
			isa = PBXGroup;
			children = (
				A38CDC1924E9C15800B226B6 /* LoginScreen.swift */,
				A3D639D224EF672E00612AF9 /* SignInWithAppleButton.swift */,
			);
			path = auth;
			sourceTree = "<group>";
		};
		A392C78F24E42DC600D5DAF4 /* setDuration */ = {
			isa = PBXGroup;
			children = (
				A34B1F3A257C37FD004753BE /* SetDurationOverlay.swift */,
				A39A952B24E4C17D00377CD5 /* CustomUIKitTextField.swift */,
			);
			path = setDuration;
			sourceTree = "<group>";
		};
		A392C7B924E4480000D5DAF4 /* vpn */ = {
			isa = PBXGroup;
			children = (
				A392C7BA24E4480F00D5DAF4 /* TunnelController.swift */,
				A392C7BC24E4482400D5DAF4 /* Util.swift */,
				A392C7BE24E448C300D5DAF4 /* Logs.swift */,
			);
			path = vpn;
			sourceTree = "<group>";
		};
		A392C7E324E449A500D5DAF4 /* DetachExtension */ = {
			isa = PBXGroup;
			children = (
				A392C7E424E449A500D5DAF4 /* PacketTunnelProvider.swift */,
				A392C7E624E449A500D5DAF4 /* Info.plist */,
				A392C7E724E449A500D5DAF4 /* DetachExtension.entitlements */,
				A392C7EE24E44A7500D5DAF4 /* Logs.swift */,
				A392C7F024E44A8700D5DAF4 /* DetachProxy.swift */,
				A392C7F224E44A9400D5DAF4 /* Utils.swift */,
				A392C7F424E44AA100D5DAF4 /* DomainEval.swift */,
			);
			path = DetachExtension;
			sourceTree = "<group>";
		};
		A3F5E60E24E5EC0500DCF879 /* util */ = {
			isa = PBXGroup;
			children = (
				A3F5E60C24E5EBFF00DCF879 /* Storage.swift */,
				A3F5E60F24E5F8CD00DCF879 /* SessionManager.swift */,
				A3F5E61124E600D700DCF879 /* API.swift */,
				A37D8BBF24E88FBC00E8EAFE /* User.swift */,
				A37D8BC124E88FDD00E8EAFE /* AppDomains.swift */,
				A350D5902578781700DA3739 /* Fonts.swift */,
				A3B7A1932597F85200DB9967 /* Spacing.swift */,
				A3B7A1D82598244800DB9967 /* UtilFuncs.swift */,
				A3975401259E886000DA0DC3 /* PushNotifs.swift */,
			);
			path = util;
			sourceTree = "<group>";
		};
		C7832D03B69040BEA28028E3 /* Frameworks */ = {
			isa = PBXGroup;
			children = (
				A38C12AE255D0A8700E024D5 /* NEKit.framework */,
				A392C7FB24E4507C00D5DAF4 /* NetworkExtension.framework */,
				A392C7F624E44F9300D5DAF4 /* NEKit.framework */,
				2624817171B25DA987549187 /* Pods_DetachExtension.framework */,
				8DB743EEFFCABBE96E4AD0E0 /* Pods_detach2.framework */,
				484C0A3803DD88F41299774B /* Pods_detach2_detach2UITests.framework */,
				D66539DE9305E5431CF91200 /* Pods_detach2Tests.framework */,
			);
			name = Frameworks;
			sourceTree = "<group>";
		};
/* End PBXGroup section */

/* Begin PBXNativeTarget section */
		A32A96CF24E32DAD002C1145 /* detach2 */ = {
			isa = PBXNativeTarget;
			buildConfigurationList = A32A96FA24E32DAF002C1145 /* Build configuration list for PBXNativeTarget "detach2" */;
			buildPhases = (
				707F6A6DDEB96AF934F42626 /* [CP] Check Pods Manifest.lock */,
				A392C79024E4468D00D5DAF4 /* Swiftformat */,
				A32A96CC24E32DAD002C1145 /* Sources */,
				A32A96CD24E32DAD002C1145 /* Frameworks */,
				A32A96CE24E32DAD002C1145 /* Resources */,
				A392C7D024E448E200D5DAF4 /* Embed App Extensions */,
				28DDED386AC3D8606F2AD7AC /* [CP] Embed Pods Frameworks */,
			);
			buildRules = (
			);
			dependencies = (
				A392C7E924E449A500D5DAF4 /* PBXTargetDependency */,
			);
			name = detach2;
			productName = detach2;
			productReference = A32A96D024E32DAD002C1145 /* detach2.app */;
			productType = "com.apple.product-type.application";
		};
		A32A96E524E32DAF002C1145 /* detach2Tests */ = {
			isa = PBXNativeTarget;
			buildConfigurationList = A32A96FD24E32DAF002C1145 /* Build configuration list for PBXNativeTarget "detach2Tests" */;
			buildPhases = (
				5B7704921F8459DC701DA447 /* [CP] Check Pods Manifest.lock */,
				A32A96E224E32DAF002C1145 /* Sources */,
				A32A96E324E32DAF002C1145 /* Frameworks */,
				A32A96E424E32DAF002C1145 /* Resources */,
			);
			buildRules = (
			);
			dependencies = (
				A32A96E824E32DAF002C1145 /* PBXTargetDependency */,
			);
			name = detach2Tests;
			productName = detach2Tests;
			productReference = A32A96E624E32DAF002C1145 /* detach2Tests.xctest */;
			productType = "com.apple.product-type.bundle.unit-test";
		};
		A32A96F024E32DAF002C1145 /* detach2UITests */ = {
			isa = PBXNativeTarget;
			buildConfigurationList = A32A970024E32DAF002C1145 /* Build configuration list for PBXNativeTarget "detach2UITests" */;
			buildPhases = (
				A44DE497E1776A0FC439DF52 /* [CP] Check Pods Manifest.lock */,
				A32A96ED24E32DAF002C1145 /* Sources */,
				A32A96EE24E32DAF002C1145 /* Frameworks */,
				A32A96EF24E32DAF002C1145 /* Resources */,
				898F336179E9B6199F11EA11 /* [CP] Embed Pods Frameworks */,
			);
			buildRules = (
			);
			dependencies = (
				A32A96F324E32DAF002C1145 /* PBXTargetDependency */,
			);
			name = detach2UITests;
			productName = detach2UITests;
			productReference = A32A96F124E32DAF002C1145 /* detach2UITests.xctest */;
			productType = "com.apple.product-type.bundle.ui-testing";
		};
		A392C7E124E449A500D5DAF4 /* DetachExtension */ = {
			isa = PBXNativeTarget;
			buildConfigurationList = A392C7EB24E449A500D5DAF4 /* Build configuration list for PBXNativeTarget "DetachExtension" */;
			buildPhases = (
				0756E1BF88B1215CC0E2F5B8 /* [CP] Check Pods Manifest.lock */,
				A392C7DE24E449A500D5DAF4 /* Sources */,
				A392C7DF24E449A500D5DAF4 /* Frameworks */,
				A392C7E024E449A500D5DAF4 /* Resources */,
				A392C7FA24E44FE700D5DAF4 /* ShellScript */,
				A38C12C3255D0ABA00E024D5 /* Embed Frameworks */,
			);
			buildRules = (
			);
			dependencies = (
			);
			name = DetachExtension;
			productName = DetachExtension;
			productReference = A392C7E224E449A500D5DAF4 /* DetachExtension.appex */;
			productType = "com.apple.product-type.app-extension";
		};
/* End PBXNativeTarget section */

/* Begin PBXProject section */
		A32A96C824E32DAD002C1145 /* Project object */ = {
			isa = PBXProject;
			attributes = {
				LastSwiftUpdateCheck = 1160;
				LastUpgradeCheck = 1160;
				ORGANIZATIONNAME = "Luke Mann";
				TargetAttributes = {
					A32A96CF24E32DAD002C1145 = {
						CreatedOnToolsVersion = 11.6;
					};
					A32A96E524E32DAF002C1145 = {
						CreatedOnToolsVersion = 11.6;
						TestTargetID = A32A96CF24E32DAD002C1145;
					};
					A32A96F024E32DAF002C1145 = {
						CreatedOnToolsVersion = 11.6;
						TestTargetID = A32A96CF24E32DAD002C1145;
					};
					A392C7E124E449A500D5DAF4 = {
						CreatedOnToolsVersion = 11.6;
					};
				};
			};
			buildConfigurationList = A32A96CB24E32DAD002C1145 /* Build configuration list for PBXProject "detach2" */;
			compatibilityVersion = "Xcode 9.3";
			developmentRegion = en;
			hasScannedForEncodings = 0;
			knownRegions = (
				en,
				Base,
			);
			mainGroup = A32A96C724E32DAD002C1145;
			productRefGroup = A32A96D124E32DAD002C1145 /* Products */;
			projectDirPath = "";
			projectRoot = "";
			targets = (
				A32A96CF24E32DAD002C1145 /* detach2 */,
				A32A96E524E32DAF002C1145 /* detach2Tests */,
				A32A96F024E32DAF002C1145 /* detach2UITests */,
				A392C7E124E449A500D5DAF4 /* DetachExtension */,
			);
		};
/* End PBXProject section */

/* Begin PBXResourcesBuildPhase section */
		A32A96CE24E32DAD002C1145 /* Resources */ = {
			isa = PBXResourcesBuildPhase;
			buildActionMask = 2147483647;
			files = (
				A3B7E5FF24E34B4900E06E47 /* NewYorkLarge-SemiboldItalic.otf in Resources */,
				A32A96E024E32DAF002C1145 /* LaunchScreen.storyboard in Resources */,
				A32A96DD24E32DAF002C1145 /* Preview Assets.xcassets in Resources */,
				A3B7A1C825981E7D00DB9967 /* NewYorkLarge-BoldItalic.otf in Resources */,
				A350D57725785F3700DA3739 /* Colors.xcassets in Resources */,
				A32A970724E3330B002C1145 /* georgia italic.ttf in Resources */,
				A32A96DA24E32DAF002C1145 /* Assets.xcassets in Resources */,
			);
			runOnlyForDeploymentPostprocessing = 0;
		};
		A32A96E424E32DAF002C1145 /* Resources */ = {
			isa = PBXResourcesBuildPhase;
			buildActionMask = 2147483647;
			files = (
			);
			runOnlyForDeploymentPostprocessing = 0;
		};
		A32A96EF24E32DAF002C1145 /* Resources */ = {
			isa = PBXResourcesBuildPhase;
			buildActionMask = 2147483647;
			files = (
			);
			runOnlyForDeploymentPostprocessing = 0;
		};
		A392C7E024E449A500D5DAF4 /* Resources */ = {
			isa = PBXResourcesBuildPhase;
			buildActionMask = 2147483647;
			files = (
			);
			runOnlyForDeploymentPostprocessing = 0;
		};
/* End PBXResourcesBuildPhase section */

/* Begin PBXShellScriptBuildPhase section */
		0756E1BF88B1215CC0E2F5B8 /* [CP] Check Pods Manifest.lock */ = {
			isa = PBXShellScriptBuildPhase;
			buildActionMask = 2147483647;
			files = (
			);
			inputFileListPaths = (
			);
			inputPaths = (
				"${PODS_PODFILE_DIR_PATH}/Podfile.lock",
				"${PODS_ROOT}/Manifest.lock",
			);
			name = "[CP] Check Pods Manifest.lock";
			outputFileListPaths = (
			);
			outputPaths = (
				"$(DERIVED_FILE_DIR)/Pods-DetachExtension-checkManifestLockResult.txt",
			);
			runOnlyForDeploymentPostprocessing = 0;
			shellPath = /bin/sh;
			shellScript = "diff \"${PODS_PODFILE_DIR_PATH}/Podfile.lock\" \"${PODS_ROOT}/Manifest.lock\" > /dev/null\nif [ $? != 0 ] ; then\n    # print error to STDERR\n    echo \"error: The sandbox is not in sync with the Podfile.lock. Run 'pod install' or update your CocoaPods installation.\" >&2\n    exit 1\nfi\n# This output is used by Xcode 'outputs' to avoid re-running this script phase.\necho \"SUCCESS\" > \"${SCRIPT_OUTPUT_FILE_0}\"\n";
			showEnvVarsInLog = 0;
		};
		28DDED386AC3D8606F2AD7AC /* [CP] Embed Pods Frameworks */ = {
			isa = PBXShellScriptBuildPhase;
			buildActionMask = 2147483647;
			files = (
			);
			inputFileListPaths = (
				"${PODS_ROOT}/Target Support Files/Pods-detach2/Pods-detach2-frameworks-${CONFIGURATION}-input-files.xcfilelist",
			);
			name = "[CP] Embed Pods Frameworks";
			outputFileListPaths = (
				"${PODS_ROOT}/Target Support Files/Pods-detach2/Pods-detach2-frameworks-${CONFIGURATION}-output-files.xcfilelist",
			);
			runOnlyForDeploymentPostprocessing = 0;
			shellPath = /bin/sh;
			shellScript = "\"${PODS_ROOT}/Target Support Files/Pods-detach2/Pods-detach2-frameworks.sh\"\n";
			showEnvVarsInLog = 0;
		};
		5B7704921F8459DC701DA447 /* [CP] Check Pods Manifest.lock */ = {
			isa = PBXShellScriptBuildPhase;
			buildActionMask = 2147483647;
			files = (
			);
			inputFileListPaths = (
			);
			inputPaths = (
				"${PODS_PODFILE_DIR_PATH}/Podfile.lock",
				"${PODS_ROOT}/Manifest.lock",
			);
			name = "[CP] Check Pods Manifest.lock";
			outputFileListPaths = (
			);
			outputPaths = (
				"$(DERIVED_FILE_DIR)/Pods-detach2Tests-checkManifestLockResult.txt",
			);
			runOnlyForDeploymentPostprocessing = 0;
			shellPath = /bin/sh;
			shellScript = "diff \"${PODS_PODFILE_DIR_PATH}/Podfile.lock\" \"${PODS_ROOT}/Manifest.lock\" > /dev/null\nif [ $? != 0 ] ; then\n    # print error to STDERR\n    echo \"error: The sandbox is not in sync with the Podfile.lock. Run 'pod install' or update your CocoaPods installation.\" >&2\n    exit 1\nfi\n# This output is used by Xcode 'outputs' to avoid re-running this script phase.\necho \"SUCCESS\" > \"${SCRIPT_OUTPUT_FILE_0}\"\n";
			showEnvVarsInLog = 0;
		};
		707F6A6DDEB96AF934F42626 /* [CP] Check Pods Manifest.lock */ = {
			isa = PBXShellScriptBuildPhase;
			buildActionMask = 2147483647;
			files = (
			);
			inputFileListPaths = (
			);
			inputPaths = (
				"${PODS_PODFILE_DIR_PATH}/Podfile.lock",
				"${PODS_ROOT}/Manifest.lock",
			);
			name = "[CP] Check Pods Manifest.lock";
			outputFileListPaths = (
			);
			outputPaths = (
				"$(DERIVED_FILE_DIR)/Pods-detach2-checkManifestLockResult.txt",
			);
			runOnlyForDeploymentPostprocessing = 0;
			shellPath = /bin/sh;
			shellScript = "diff \"${PODS_PODFILE_DIR_PATH}/Podfile.lock\" \"${PODS_ROOT}/Manifest.lock\" > /dev/null\nif [ $? != 0 ] ; then\n    # print error to STDERR\n    echo \"error: The sandbox is not in sync with the Podfile.lock. Run 'pod install' or update your CocoaPods installation.\" >&2\n    exit 1\nfi\n# This output is used by Xcode 'outputs' to avoid re-running this script phase.\necho \"SUCCESS\" > \"${SCRIPT_OUTPUT_FILE_0}\"\n";
			showEnvVarsInLog = 0;
		};
		898F336179E9B6199F11EA11 /* [CP] Embed Pods Frameworks */ = {
			isa = PBXShellScriptBuildPhase;
			buildActionMask = 2147483647;
			files = (
			);
			inputFileListPaths = (
				"${PODS_ROOT}/Target Support Files/Pods-detach2-detach2UITests/Pods-detach2-detach2UITests-frameworks-${CONFIGURATION}-input-files.xcfilelist",
			);
			name = "[CP] Embed Pods Frameworks";
			outputFileListPaths = (
				"${PODS_ROOT}/Target Support Files/Pods-detach2-detach2UITests/Pods-detach2-detach2UITests-frameworks-${CONFIGURATION}-output-files.xcfilelist",
			);
			runOnlyForDeploymentPostprocessing = 0;
			shellPath = /bin/sh;
			shellScript = "\"${PODS_ROOT}/Target Support Files/Pods-detach2-detach2UITests/Pods-detach2-detach2UITests-frameworks.sh\"\n";
			showEnvVarsInLog = 0;
		};
		A392C79024E4468D00D5DAF4 /* Swiftformat */ = {
			isa = PBXShellScriptBuildPhase;
			buildActionMask = 2147483647;
			files = (
			);
			inputFileListPaths = (
			);
			inputPaths = (
			);
			name = Swiftformat;
			outputFileListPaths = (
			);
			outputPaths = (
			);
			runOnlyForDeploymentPostprocessing = 0;
			shellPath = /bin/sh;
			shellScript = "# Type a script or drag a script file from your workspace to insert its path.\n#swiftformat . --config f.swiftformat  --verbose\n";
		};
		A392C7FA24E44FE700D5DAF4 /* ShellScript */ = {
			isa = PBXShellScriptBuildPhase;
			buildActionMask = 2147483647;
			files = (
			);
			inputFileListPaths = (
			);
			inputPaths = (
				"$(SRCROOT)/Carthage/Build/iOS/CocoaAsyncSocket.framework",
				"$(SRCROOT)/Carthage/Build/iOS/CocoaLumberjackSwift.framework",
				"$(SRCROOT)/Carthage/Build/iOS/lwip.framework",
				"$(SRCROOT)/Carthage/Build/iOS/CocoaLumberjack.framework",
				"$(SRCROOT)/Carthage/Build/iOS/MMDB.framework",
				"$(SRCROOT)/Carthage/Build/iOS/Resolver.framework",
				"$(SRCROOT)/Carthage/Build/iOS/Sodium.framework",
				"$(SRCROOT)/Carthage/Build/iOS/tun2socks.framework",
				"$(SRCROOT)/Carthage/Build/iOS/Yaml.framework",
				"$(SRCROOT)/Carthage/Build/iOS/NEKit.framework",
			);
			outputFileListPaths = (
			);
			outputPaths = (
			);
			runOnlyForDeploymentPostprocessing = 0;
			shellPath = /bin/sh;
			shellScript = "# Type a script or drag a script file from your workspace to insert its path.\n/usr/local/bin/carthage copy-frameworks\n";
		};
		A44DE497E1776A0FC439DF52 /* [CP] Check Pods Manifest.lock */ = {
			isa = PBXShellScriptBuildPhase;
			buildActionMask = 2147483647;
			files = (
			);
			inputFileListPaths = (
			);
			inputPaths = (
				"${PODS_PODFILE_DIR_PATH}/Podfile.lock",
				"${PODS_ROOT}/Manifest.lock",
			);
			name = "[CP] Check Pods Manifest.lock";
			outputFileListPaths = (
			);
			outputPaths = (
				"$(DERIVED_FILE_DIR)/Pods-detach2-detach2UITests-checkManifestLockResult.txt",
			);
			runOnlyForDeploymentPostprocessing = 0;
			shellPath = /bin/sh;
			shellScript = "diff \"${PODS_PODFILE_DIR_PATH}/Podfile.lock\" \"${PODS_ROOT}/Manifest.lock\" > /dev/null\nif [ $? != 0 ] ; then\n    # print error to STDERR\n    echo \"error: The sandbox is not in sync with the Podfile.lock. Run 'pod install' or update your CocoaPods installation.\" >&2\n    exit 1\nfi\n# This output is used by Xcode 'outputs' to avoid re-running this script phase.\necho \"SUCCESS\" > \"${SCRIPT_OUTPUT_FILE_0}\"\n";
			showEnvVarsInLog = 0;
		};
/* End PBXShellScriptBuildPhase section */

/* Begin PBXSourcesBuildPhase section */
		A32A96CC24E32DAD002C1145 /* Sources */ = {
			isa = PBXSourcesBuildPhase;
			buildActionMask = 2147483647;
			files = (
				A32D8E342594297E00F37EA9 /* YellowStatus.swift in Sources */,
				A32A970B24E3405B002C1145 /* HomeMenu.swift in Sources */,
				A3D639D324EF672E00612AF9 /* SignInWithAppleButton.swift in Sources */,
				A34D2E2A258ACBE00046372C /* SessionScreen.swift in Sources */,
				A350D5912578781700DA3739 /* Fonts.swift in Sources */,
				A37D8BC724E89C7400E8EAFE /* SelectAppsScreen.swift in Sources */,
				A39A952624E4B79900377CD5 /* Colors.swift in Sources */,
				A34B1F3B257C37FD004753BE /* SetDurationOverlay.swift in Sources */,
				A392C7BB24E4480F00D5DAF4 /* TunnelController.swift in Sources */,
				A3975402259E886000DA0DC3 /* PushNotifs.swift in Sources */,
				A392C7BF24E448C300D5DAF4 /* Logs.swift in Sources */,
				A37D8BC224E88FDD00E8EAFE /* AppDomains.swift in Sources */,
				A38CDC1A24E9C15800B226B6 /* LoginScreen.swift in Sources */,
				A32A96D424E32DAD002C1145 /* AppDelegate.swift in Sources */,
				A392C7BD24E4482400D5DAF4 /* Util.swift in Sources */,
				A3B7A1942597F85200DB9967 /* Spacing.swift in Sources */,
				A32A96D624E32DAD002C1145 /* SceneDelegate.swift in Sources */,
				A32A96D824E32DAD002C1145 /* ContentView.swift in Sources */,
				A39A952C24E4C17D00377CD5 /* CustomUIKitTextField.swift in Sources */,
				A3F5E61024E5F8CD00DCF879 /* SessionManager.swift in Sources */,
				A3F5E61224E600D700DCF879 /* API.swift in Sources */,
				A3F5E60D24E5EBFF00DCF879 /* Storage.swift in Sources */,
				A37D8BC024E88FBC00E8EAFE /* User.swift in Sources */,
				A32D8E3C259433D800F37EA9 /* StatusIndicator.swift in Sources */,
				A3B7A1D92598244800DB9967 /* UtilFuncs.swift in Sources */,
			);
			runOnlyForDeploymentPostprocessing = 0;
		};
		A32A96E224E32DAF002C1145 /* Sources */ = {
			isa = PBXSourcesBuildPhase;
			buildActionMask = 2147483647;
			files = (
				A32A96EB24E32DAF002C1145 /* detach2Tests.swift in Sources */,
			);
			runOnlyForDeploymentPostprocessing = 0;
		};
		A32A96ED24E32DAF002C1145 /* Sources */ = {
			isa = PBXSourcesBuildPhase;
			buildActionMask = 2147483647;
			files = (
				A32A96F624E32DAF002C1145 /* detach2UITests.swift in Sources */,
			);
			runOnlyForDeploymentPostprocessing = 0;
		};
		A392C7DE24E449A500D5DAF4 /* Sources */ = {
			isa = PBXSourcesBuildPhase;
			buildActionMask = 2147483647;
			files = (
				A392C7F524E44AA100D5DAF4 /* DomainEval.swift in Sources */,
				A392C7EF24E44A7500D5DAF4 /* Logs.swift in Sources */,
				A392C7E524E449A500D5DAF4 /* PacketTunnelProvider.swift in Sources */,
				A392C7F124E44A8700D5DAF4 /* DetachProxy.swift in Sources */,
				A392C7F324E44A9400D5DAF4 /* Utils.swift in Sources */,
			);
			runOnlyForDeploymentPostprocessing = 0;
		};
/* End PBXSourcesBuildPhase section */

/* Begin PBXTargetDependency section */
		A32A96E824E32DAF002C1145 /* PBXTargetDependency */ = {
			isa = PBXTargetDependency;
			target = A32A96CF24E32DAD002C1145 /* detach2 */;
			targetProxy = A32A96E724E32DAF002C1145 /* PBXContainerItemProxy */;
		};
		A32A96F324E32DAF002C1145 /* PBXTargetDependency */ = {
			isa = PBXTargetDependency;
			target = A32A96CF24E32DAD002C1145 /* detach2 */;
			targetProxy = A32A96F224E32DAF002C1145 /* PBXContainerItemProxy */;
		};
		A392C7E924E449A500D5DAF4 /* PBXTargetDependency */ = {
			isa = PBXTargetDependency;
			target = A392C7E124E449A500D5DAF4 /* DetachExtension */;
			targetProxy = A392C7E824E449A500D5DAF4 /* PBXContainerItemProxy */;
		};
/* End PBXTargetDependency section */

/* Begin PBXVariantGroup section */
		A32A96DE24E32DAF002C1145 /* LaunchScreen.storyboard */ = {
			isa = PBXVariantGroup;
			children = (
				A32A96DF24E32DAF002C1145 /* Base */,
			);
			name = LaunchScreen.storyboard;
			sourceTree = "<group>";
		};
/* End PBXVariantGroup section */

/* Begin XCBuildConfiguration section */
		A32A96F824E32DAF002C1145 /* Debug */ = {
			isa = XCBuildConfiguration;
			buildSettings = {
				ALWAYS_SEARCH_USER_PATHS = NO;
				CLANG_ANALYZER_NONNULL = YES;
				CLANG_ANALYZER_NUMBER_OBJECT_CONVERSION = YES_AGGRESSIVE;
				CLANG_CXX_LANGUAGE_STANDARD = "gnu++14";
				CLANG_CXX_LIBRARY = "libc++";
				CLANG_ENABLE_MODULES = YES;
				CLANG_ENABLE_OBJC_ARC = YES;
				CLANG_ENABLE_OBJC_WEAK = YES;
				CLANG_WARN_BLOCK_CAPTURE_AUTORELEASING = YES;
				CLANG_WARN_BOOL_CONVERSION = YES;
				CLANG_WARN_COMMA = YES;
				CLANG_WARN_CONSTANT_CONVERSION = YES;
				CLANG_WARN_DEPRECATED_OBJC_IMPLEMENTATIONS = YES;
				CLANG_WARN_DIRECT_OBJC_ISA_USAGE = YES_ERROR;
				CLANG_WARN_DOCUMENTATION_COMMENTS = YES;
				CLANG_WARN_EMPTY_BODY = YES;
				CLANG_WARN_ENUM_CONVERSION = YES;
				CLANG_WARN_INFINITE_RECURSION = YES;
				CLANG_WARN_INT_CONVERSION = YES;
				CLANG_WARN_NON_LITERAL_NULL_CONVERSION = YES;
				CLANG_WARN_OBJC_IMPLICIT_RETAIN_SELF = YES;
				CLANG_WARN_OBJC_LITERAL_CONVERSION = YES;
				CLANG_WARN_OBJC_ROOT_CLASS = YES_ERROR;
				CLANG_WARN_RANGE_LOOP_ANALYSIS = YES;
				CLANG_WARN_STRICT_PROTOTYPES = YES;
				CLANG_WARN_SUSPICIOUS_MOVE = YES;
				CLANG_WARN_UNGUARDED_AVAILABILITY = YES_AGGRESSIVE;
				CLANG_WARN_UNREACHABLE_CODE = YES;
				CLANG_WARN__DUPLICATE_METHOD_MATCH = YES;
				COPY_PHASE_STRIP = NO;
				DEBUG_INFORMATION_FORMAT = dwarf;
				ENABLE_STRICT_OBJC_MSGSEND = YES;
				ENABLE_TESTABILITY = YES;
				GCC_C_LANGUAGE_STANDARD = gnu11;
				GCC_DYNAMIC_NO_PIC = NO;
				GCC_NO_COMMON_BLOCKS = YES;
				GCC_OPTIMIZATION_LEVEL = 0;
				GCC_PREPROCESSOR_DEFINITIONS = (
					"DEBUG=1",
					"$(inherited)",
				);
				GCC_WARN_64_TO_32_BIT_CONVERSION = YES;
				GCC_WARN_ABOUT_RETURN_TYPE = YES_ERROR;
				GCC_WARN_UNDECLARED_SELECTOR = YES;
				GCC_WARN_UNINITIALIZED_AUTOS = YES_AGGRESSIVE;
				GCC_WARN_UNUSED_FUNCTION = YES;
				GCC_WARN_UNUSED_VARIABLE = YES;
				IPHONEOS_DEPLOYMENT_TARGET = 13.5;
				MTL_ENABLE_DEBUG_INFO = INCLUDE_SOURCE;
				MTL_FAST_MATH = YES;
				ONLY_ACTIVE_ARCH = YES;
				SDKROOT = iphoneos;
				SWIFT_ACTIVE_COMPILATION_CONDITIONS = DEBUG;
				SWIFT_OPTIMIZATION_LEVEL = "-Onone";
			};
			name = Debug;
		};
		A32A96F924E32DAF002C1145 /* Release */ = {
			isa = XCBuildConfiguration;
			buildSettings = {
				ALWAYS_SEARCH_USER_PATHS = NO;
				CLANG_ANALYZER_NONNULL = YES;
				CLANG_ANALYZER_NUMBER_OBJECT_CONVERSION = YES_AGGRESSIVE;
				CLANG_CXX_LANGUAGE_STANDARD = "gnu++14";
				CLANG_CXX_LIBRARY = "libc++";
				CLANG_ENABLE_MODULES = YES;
				CLANG_ENABLE_OBJC_ARC = YES;
				CLANG_ENABLE_OBJC_WEAK = YES;
				CLANG_WARN_BLOCK_CAPTURE_AUTORELEASING = YES;
				CLANG_WARN_BOOL_CONVERSION = YES;
				CLANG_WARN_COMMA = YES;
				CLANG_WARN_CONSTANT_CONVERSION = YES;
				CLANG_WARN_DEPRECATED_OBJC_IMPLEMENTATIONS = YES;
				CLANG_WARN_DIRECT_OBJC_ISA_USAGE = YES_ERROR;
				CLANG_WARN_DOCUMENTATION_COMMENTS = YES;
				CLANG_WARN_EMPTY_BODY = YES;
				CLANG_WARN_ENUM_CONVERSION = YES;
				CLANG_WARN_INFINITE_RECURSION = YES;
				CLANG_WARN_INT_CONVERSION = YES;
				CLANG_WARN_NON_LITERAL_NULL_CONVERSION = YES;
				CLANG_WARN_OBJC_IMPLICIT_RETAIN_SELF = YES;
				CLANG_WARN_OBJC_LITERAL_CONVERSION = YES;
				CLANG_WARN_OBJC_ROOT_CLASS = YES_ERROR;
				CLANG_WARN_RANGE_LOOP_ANALYSIS = YES;
				CLANG_WARN_STRICT_PROTOTYPES = YES;
				CLANG_WARN_SUSPICIOUS_MOVE = YES;
				CLANG_WARN_UNGUARDED_AVAILABILITY = YES_AGGRESSIVE;
				CLANG_WARN_UNREACHABLE_CODE = YES;
				CLANG_WARN__DUPLICATE_METHOD_MATCH = YES;
				COPY_PHASE_STRIP = NO;
				DEBUG_INFORMATION_FORMAT = "dwarf-with-dsym";
				ENABLE_NS_ASSERTIONS = NO;
				ENABLE_STRICT_OBJC_MSGSEND = YES;
				GCC_C_LANGUAGE_STANDARD = gnu11;
				GCC_NO_COMMON_BLOCKS = YES;
				GCC_WARN_64_TO_32_BIT_CONVERSION = YES;
				GCC_WARN_ABOUT_RETURN_TYPE = YES_ERROR;
				GCC_WARN_UNDECLARED_SELECTOR = YES;
				GCC_WARN_UNINITIALIZED_AUTOS = YES_AGGRESSIVE;
				GCC_WARN_UNUSED_FUNCTION = YES;
				GCC_WARN_UNUSED_VARIABLE = YES;
				IPHONEOS_DEPLOYMENT_TARGET = 13.5;
				MTL_ENABLE_DEBUG_INFO = NO;
				MTL_FAST_MATH = YES;
				SDKROOT = iphoneos;
				SWIFT_COMPILATION_MODE = wholemodule;
				SWIFT_OPTIMIZATION_LEVEL = "-O";
				VALIDATE_PRODUCT = YES;
			};
			name = Release;
		};
		A32A96FB24E32DAF002C1145 /* Debug */ = {
			isa = XCBuildConfiguration;
			baseConfigurationReference = 0B999FE00537C17E3677E4E6 /* Pods-detach2.debug.xcconfig */;
			buildSettings = {
				ALWAYS_EMBED_SWIFT_STANDARD_LIBRARIES = YES;
				ASSETCATALOG_COMPILER_APPICON_NAME = AppIcon;
				CODE_SIGN_ENTITLEMENTS = detach2/misc/detach2.entitlements;
				CODE_SIGN_STYLE = Automatic;
				DEVELOPMENT_ASSET_PATHS = "\"detach2/Preview Content\"";
				DEVELOPMENT_TEAM = 356ZKVC65R;
				ENABLE_PREVIEWS = YES;
				INFOPLIST_FILE = detach2/misc/Info.plist;
				IPHONEOS_DEPLOYMENT_TARGET = 14.1;
				LD_RUNPATH_SEARCH_PATHS = (
					"$(inherited)",
					"@executable_path/Frameworks",
				);
				PRODUCT_BUNDLE_IDENTIFIER = com.detachapp.ios1;
				PRODUCT_NAME = "$(TARGET_NAME)";
				SWIFT_VERSION = 5.0;
				TARGETED_DEVICE_FAMILY = "1,2";
			};
			name = Debug;
		};
		A32A96FC24E32DAF002C1145 /* Release */ = {
			isa = XCBuildConfiguration;
			baseConfigurationReference = 5731247F61AAC892DD348C1A /* Pods-detach2.release.xcconfig */;
			buildSettings = {
				ALWAYS_EMBED_SWIFT_STANDARD_LIBRARIES = YES;
				ASSETCATALOG_COMPILER_APPICON_NAME = AppIcon;
				CODE_SIGN_ENTITLEMENTS = detach2/misc/detach2.entitlements;
				CODE_SIGN_STYLE = Automatic;
				DEVELOPMENT_ASSET_PATHS = "\"detach2/Preview Content\"";
				DEVELOPMENT_TEAM = 356ZKVC65R;
				ENABLE_PREVIEWS = YES;
				INFOPLIST_FILE = detach2/misc/Info.plist;
				IPHONEOS_DEPLOYMENT_TARGET = 14.1;
				LD_RUNPATH_SEARCH_PATHS = (
					"$(inherited)",
					"@executable_path/Frameworks",
				);
				PRODUCT_BUNDLE_IDENTIFIER = com.detachapp.ios1;
				PRODUCT_NAME = "$(TARGET_NAME)";
				SWIFT_VERSION = 5.0;
				TARGETED_DEVICE_FAMILY = "1,2";
			};
			name = Release;
		};
		A32A96FE24E32DAF002C1145 /* Debug */ = {
			isa = XCBuildConfiguration;
			baseConfigurationReference = D914803149B508BDA9B1E52B /* Pods-detach2Tests.debug.xcconfig */;
			buildSettings = {
				ALWAYS_EMBED_SWIFT_STANDARD_LIBRARIES = YES;
				BUNDLE_LOADER = "$(TEST_HOST)";
				CODE_SIGN_STYLE = Automatic;
				DEVELOPMENT_TEAM = 356ZKVC65R;
				INFOPLIST_FILE = detach2Tests/Info.plist;
				IPHONEOS_DEPLOYMENT_TARGET = 13.6;
				LD_RUNPATH_SEARCH_PATHS = (
					"$(inherited)",
					"@executable_path/Frameworks",
					"@loader_path/Frameworks",
				);
				PRODUCT_BUNDLE_IDENTIFIER = com.detachapp.detach2Tests;
				PRODUCT_NAME = "$(TARGET_NAME)";
				SWIFT_VERSION = 5.0;
				TARGETED_DEVICE_FAMILY = "1,2";
				TEST_HOST = "$(BUILT_PRODUCTS_DIR)/detach2.app/detach2";
			};
			name = Debug;
		};
		A32A96FF24E32DAF002C1145 /* Release */ = {
			isa = XCBuildConfiguration;
			baseConfigurationReference = 71F1C9B2F68C79E66D9B42C5 /* Pods-detach2Tests.release.xcconfig */;
			buildSettings = {
				ALWAYS_EMBED_SWIFT_STANDARD_LIBRARIES = YES;
				BUNDLE_LOADER = "$(TEST_HOST)";
				CODE_SIGN_STYLE = Automatic;
				DEVELOPMENT_TEAM = 356ZKVC65R;
				INFOPLIST_FILE = detach2Tests/Info.plist;
				IPHONEOS_DEPLOYMENT_TARGET = 13.6;
				LD_RUNPATH_SEARCH_PATHS = (
					"$(inherited)",
					"@executable_path/Frameworks",
					"@loader_path/Frameworks",
				);
				PRODUCT_BUNDLE_IDENTIFIER = com.detachapp.detach2Tests;
				PRODUCT_NAME = "$(TARGET_NAME)";
				SWIFT_VERSION = 5.0;
				TARGETED_DEVICE_FAMILY = "1,2";
				TEST_HOST = "$(BUILT_PRODUCTS_DIR)/detach2.app/detach2";
			};
			name = Release;
		};
		A32A970124E32DAF002C1145 /* Debug */ = {
			isa = XCBuildConfiguration;
			baseConfigurationReference = A18190B1F7B800BD57508EE2 /* Pods-detach2-detach2UITests.debug.xcconfig */;
			buildSettings = {
				ALWAYS_EMBED_SWIFT_STANDARD_LIBRARIES = YES;
				CODE_SIGN_STYLE = Automatic;
				DEVELOPMENT_TEAM = 356ZKVC65R;
				INFOPLIST_FILE = detach2UITests/Info.plist;
				LD_RUNPATH_SEARCH_PATHS = (
					"$(inherited)",
					"@executable_path/Frameworks",
					"@loader_path/Frameworks",
				);
				PRODUCT_BUNDLE_IDENTIFIER = com.detachapp.detach2UITests;
				PRODUCT_NAME = "$(TARGET_NAME)";
				SWIFT_VERSION = 5.0;
				TARGETED_DEVICE_FAMILY = "1,2";
				TEST_TARGET_NAME = detach2;
			};
			name = Debug;
		};
		A32A970224E32DAF002C1145 /* Release */ = {
			isa = XCBuildConfiguration;
			baseConfigurationReference = 0041618DB16E40F189D1A8CB /* Pods-detach2-detach2UITests.release.xcconfig */;
			buildSettings = {
				ALWAYS_EMBED_SWIFT_STANDARD_LIBRARIES = YES;
				CODE_SIGN_STYLE = Automatic;
				DEVELOPMENT_TEAM = 356ZKVC65R;
				INFOPLIST_FILE = detach2UITests/Info.plist;
				LD_RUNPATH_SEARCH_PATHS = (
					"$(inherited)",
					"@executable_path/Frameworks",
					"@loader_path/Frameworks",
				);
				PRODUCT_BUNDLE_IDENTIFIER = com.detachapp.detach2UITests;
				PRODUCT_NAME = "$(TARGET_NAME)";
				SWIFT_VERSION = 5.0;
				TARGETED_DEVICE_FAMILY = "1,2";
				TEST_TARGET_NAME = detach2;
			};
			name = Release;
		};
		A392C7EC24E449A500D5DAF4 /* Debug */ = {
			isa = XCBuildConfiguration;
			baseConfigurationReference = EED9722C934859388CAB3A35 /* Pods-DetachExtension.debug.xcconfig */;
			buildSettings = {
				CODE_SIGN_ENTITLEMENTS = DetachExtension/DetachExtension.entitlements;
				CODE_SIGN_STYLE = Automatic;
				DEVELOPMENT_TEAM = 356ZKVC65R;
				"EXCLUDED_ARCHS[sdk=iphonesimulator*]" = arm64;
				FRAMEWORK_SEARCH_PATHS = (
					"$(inherited)",
					"$(PROJECT_DIR)/Carthage/Build/iOS",
				);
				INFOPLIST_FILE = DetachExtension/Info.plist;
				IPHONEOS_DEPLOYMENT_TARGET = 14.1;
				LD_RUNPATH_SEARCH_PATHS = (
					"$(inherited)",
					"@executable_path/Frameworks",
					"@executable_path/../../Frameworks",
				);
				PRODUCT_BUNDLE_IDENTIFIER = com.detachapp.ios1.extension;
				PRODUCT_NAME = "$(TARGET_NAME)";
				SKIP_INSTALL = YES;
				SWIFT_VERSION = 5.0;
				TARGETED_DEVICE_FAMILY = "1,2";
			};
			name = Debug;
		};
		A392C7ED24E449A500D5DAF4 /* Release */ = {
			isa = XCBuildConfiguration;
			baseConfigurationReference = 3E7140F2BE9229E96DE8B17D /* Pods-DetachExtension.release.xcconfig */;
			buildSettings = {
				CODE_SIGN_ENTITLEMENTS = DetachExtension/DetachExtension.entitlements;
				CODE_SIGN_STYLE = Automatic;
				DEVELOPMENT_TEAM = 356ZKVC65R;
				"EXCLUDED_ARCHS[sdk=iphonesimulator*]" = arm64;
				FRAMEWORK_SEARCH_PATHS = (
					"$(inherited)",
					"$(PROJECT_DIR)/Carthage/Build/iOS",
				);
				INFOPLIST_FILE = DetachExtension/Info.plist;
				IPHONEOS_DEPLOYMENT_TARGET = 14.1;
				LD_RUNPATH_SEARCH_PATHS = (
					"$(inherited)",
					"@executable_path/Frameworks",
					"@executable_path/../../Frameworks",
				);
				PRODUCT_BUNDLE_IDENTIFIER = com.detachapp.ios1.extension;
				PRODUCT_NAME = "$(TARGET_NAME)";
				SKIP_INSTALL = YES;
				SWIFT_VERSION = 5.0;
				TARGETED_DEVICE_FAMILY = "1,2";
			};
			name = Release;
		};
/* End XCBuildConfiguration section */

/* Begin XCConfigurationList section */
		A32A96CB24E32DAD002C1145 /* Build configuration list for PBXProject "detach2" */ = {
			isa = XCConfigurationList;
			buildConfigurations = (
				A32A96F824E32DAF002C1145 /* Debug */,
				A32A96F924E32DAF002C1145 /* Release */,
			);
			defaultConfigurationIsVisible = 0;
			defaultConfigurationName = Release;
		};
		A32A96FA24E32DAF002C1145 /* Build configuration list for PBXNativeTarget "detach2" */ = {
			isa = XCConfigurationList;
			buildConfigurations = (
				A32A96FB24E32DAF002C1145 /* Debug */,
				A32A96FC24E32DAF002C1145 /* Release */,
			);
			defaultConfigurationIsVisible = 0;
			defaultConfigurationName = Release;
		};
		A32A96FD24E32DAF002C1145 /* Build configuration list for PBXNativeTarget "detach2Tests" */ = {
			isa = XCConfigurationList;
			buildConfigurations = (
				A32A96FE24E32DAF002C1145 /* Debug */,
				A32A96FF24E32DAF002C1145 /* Release */,
			);
			defaultConfigurationIsVisible = 0;
			defaultConfigurationName = Release;
		};
		A32A970024E32DAF002C1145 /* Build configuration list for PBXNativeTarget "detach2UITests" */ = {
			isa = XCConfigurationList;
			buildConfigurations = (
				A32A970124E32DAF002C1145 /* Debug */,
				A32A970224E32DAF002C1145 /* Release */,
			);
			defaultConfigurationIsVisible = 0;
			defaultConfigurationName = Release;
		};
		A392C7EB24E449A500D5DAF4 /* Build configuration list for PBXNativeTarget "DetachExtension" */ = {
			isa = XCConfigurationList;
			buildConfigurations = (
				A392C7EC24E449A500D5DAF4 /* Debug */,
				A392C7ED24E449A500D5DAF4 /* Release */,
			);
			defaultConfigurationIsVisible = 0;
			defaultConfigurationName = Release;
		};
/* End XCConfigurationList section */
	};
	rootObject = A32A96C824E32DAD002C1145 /* Project object */;
}
